
Microsoft Visual Studio Solution File, Format Version 12.00
# Visual Studio 2013
VisualStudioVersion = 12.0.30110.0
MinimumVisualStudioVersion = 10.0.40219.1
Project("{FAE04EC0-301F-11D3-BF4B-00C04F79EFBC}") = "Ella", "Ella\Ella.csproj", "{C5D80CFB-3882-4B32-A234-B5561A3C8942}"
EndProject
Project("{FAE04EC0-301F-11D3-BF4B-00C04F79EFBC}") = "MiddlewareTest", "MiddlewareTest\MiddlewareTest.csproj", "{F87001D3-78ED-40DE-AE61-67C33144361B}"
EndProject
Project("{2150E333-8FDC-42A3-9474-1A3956D46DE8}") = "Solution Items", "Solution Items", "{F0DE472A-6E43-4AED-AD26-6F7C7404CFFB}"
	ProjectSection(SolutionItems) = preProject
		ella.vsmdi = ella.vsmdi
		Local.testsettings = Local.testsettings
		TraceAndTestImpact.testsettings = TraceAndTestImpact.testsettings
	EndProjectSection
EndProject
Global
	GlobalSection(CodealikeProperties) = postSolution
		SolutionGuid = 6759b901-4444-4a1e-bf01-2c1a91485ee7
	EndGlobalSection
	GlobalSection(SolutionConfigurationPlatforms) = preSolution
		Debug|Any CPU = Debug|Any CPU
		Release|Any CPU = Release|Any CPU
	EndGlobalSection
	GlobalSection(ProjectConfigurationPlatforms) = postSolution
		{C5D80CFB-3882-4B32-A234-B5561A3C8942}.Debug|Any CPU.ActiveCfg = Debug|Any CPU
		{C5D80CFB-3882-4B32-A234-B5561A3C8942}.Debug|Any CPU.Build.0 = Debug|Any CPU
		{C5D80CFB-3882-4B32-A234-B5561A3C8942}.Release|Any CPU.ActiveCfg = Release|Any CPU
		{C5D80CFB-3882-4B32-A234-B5561A3C8942}.Release|Any CPU.Build.0 = Release|Any CPU
		{F87001D3-78ED-40DE-AE61-67C33144361B}.Debug|Any CPU.ActiveCfg = Debug|Any CPU
		{F87001D3-78ED-40DE-AE61-67C33144361B}.Debug|Any CPU.Build.0 = Debug|Any CPU
		{F87001D3-78ED-40DE-AE61-67C33144361B}.Release|Any CPU.ActiveCfg = Release|Any CPU
		{F87001D3-78ED-40DE-AE61-67C33144361B}.Release|Any CPU.Build.0 = Release|Any CPU
	EndGlobalSection
	GlobalSection(SolutionProperties) = preSolution
		HideSolutionNode = FALSE
	EndGlobalSection
	GlobalSection(TestCaseManagementSettings) = postSolution
		CategoryFile = middleware.vsmdi
	EndGlobalSection
EndGlobal
